
Microsoft Visual Studio Solution File, Format Version 12.00
# Visual Studio Version 17
VisualStudioVersion = 17.9.34728.123
MinimumVisualStudioVersion = 10.0.40219.1
Project("{FAE04EC0-301F-11D3-BF4B-00C04F79EFBC}") = "WpfApp1", "WpfApp1\WpfApp1.csproj", "{8A1B6158-69E5-4D38-9ABC-C4C27AEA344A}"
EndProject
Global
	GlobalSection(SolutionConfigurationPlatforms) = preSolution
		Debug|Any CPU = Debug|Any CPU
		Release|Any CPU = Release|Any CPU
	EndGlobalSection
	GlobalSection(ProjectConfigurationPlatforms) = postSolution
		{8A1B6158-69E5-4D38-9ABC-C4C27AEA344A}.Debug|Any CPU.ActiveCfg = Debug|Any CPU
		{8A1B6158-69E5-4D38-9ABC-C4C27AEA344A}.Debug|Any CPU.Build.0 = Debug|Any CPU
		{8A1B6158-69E5-4D38-9ABC-C4C27AEA344A}.Release|Any CPU.ActiveCfg = Release|Any CPU
		{8A1B6158-69E5-4D38-9ABC-C4C27AEA344A}.Release|Any CPU.Build.0 = Release|Any CPU
	EndGlobalSection
	GlobalSection(SolutionProperties) = preSolution
		HideSolutionNode = FALSE
	EndGlobalSection
	GlobalSection(ExtensibilityGlobals) = postSolution
		SolutionGuid = {66328321-FA87-4754-B385-1AEA708D33E3}
	EndGlobalSection
EndGlobal
